// !$*UTF8*$!
{
	archiveVersion = 1;
	classes = {
	};
	objectVersion = 56;
	objects = {

/* Begin PBXBuildFile section */
		44CE3696AE86B964F3C30D25 /* Pods_EGO_EGOUITests.framework in Frameworks */ = {isa = PBXBuildFile; fileRef = 00186B45197B07E111F8DDED /* Pods_EGO_EGOUITests.framework */; };
		4C0F43BA2A12798A008F70DE /* AddFriendViewController.swift in Sources */ = {isa = PBXBuildFile; fileRef = 4C0F43B92A12798A008F70DE /* AddFriendViewController.swift */; };
		4C5063EF299B876700F8F3B8 /* SocialViewController.swift in Sources */ = {isa = PBXBuildFile; fileRef = 4C5063EE299B876700F8F3B8 /* SocialViewController.swift */; };
		4C5063F1299B89A700F8F3B8 /* SocialTableViewCell.swift in Sources */ = {isa = PBXBuildFile; fileRef = 4C5063F0299B89A700F8F3B8 /* SocialTableViewCell.swift */; };
		4CCD70BF2A03E988007C38A9 /* AddSocialViewController.swift in Sources */ = {isa = PBXBuildFile; fileRef = 4CCD70BE2A03E988007C38A9 /* AddSocialViewController.swift */; };
		4CCD70C12A03EA08007C38A9 /* AddSocialTableViewCell.swift in Sources */ = {isa = PBXBuildFile; fileRef = 4CCD70C02A03EA08007C38A9 /* AddSocialTableViewCell.swift */; };
		4CCD70C72A0413AD007C38A9 /* FriendViewController.swift in Sources */ = {isa = PBXBuildFile; fileRef = 4CCD70C62A0413AD007C38A9 /* FriendViewController.swift */; };
		4E365FB329E7DBDE00853FB7 /* RegisterViewController.swift in Sources */ = {isa = PBXBuildFile; fileRef = 4E365FB229E7DBDE00853FB7 /* RegisterViewController.swift */; };
		4E4CCE802A111BF200139248 /* FirbaseManager.swift in Sources */ = {isa = PBXBuildFile; fileRef = 4E4CCE7F2A111BF200139248 /* FirbaseManager.swift */; };
		4E5C328129B8447400E176B5 /* GoogleService-Info.plist in Resources */ = {isa = PBXBuildFile; fileRef = 4E5C328029B8447400E176B5 /* GoogleService-Info.plist */; };
		4E646E2B29C2D45B00E68840 /* MainViewController.swift in Sources */ = {isa = PBXBuildFile; fileRef = 4E646E2A29C2D45B00E68840 /* MainViewController.swift */; };
		4E64E09B2980DE0400124F56 /* AppDelegate.swift in Sources */ = {isa = PBXBuildFile; fileRef = 4E64E09A2980DE0400124F56 /* AppDelegate.swift */; };
		4E64E09D2980DE0400124F56 /* SceneDelegate.swift in Sources */ = {isa = PBXBuildFile; fileRef = 4E64E09C2980DE0400124F56 /* SceneDelegate.swift */; };
		4E64E09F2980DE0400124F56 /* ViewController.swift in Sources */ = {isa = PBXBuildFile; fileRef = 4E64E09E2980DE0400124F56 /* ViewController.swift */; };
		4E64E0A22980DE0400124F56 /* Main.storyboard in Resources */ = {isa = PBXBuildFile; fileRef = 4E64E0A02980DE0400124F56 /* Main.storyboard */; };
		4E64E0A42980DE0500124F56 /* Assets.xcassets in Resources */ = {isa = PBXBuildFile; fileRef = 4E64E0A32980DE0500124F56 /* Assets.xcassets */; };
		4E64E0A72980DE0500124F56 /* LaunchScreen.storyboard in Resources */ = {isa = PBXBuildFile; fileRef = 4E64E0A52980DE0500124F56 /* LaunchScreen.storyboard */; };
		4E64E0B22980DE0500124F56 /* EGOTests.swift in Sources */ = {isa = PBXBuildFile; fileRef = 4E64E0B12980DE0500124F56 /* EGOTests.swift */; };
		4E64E0BC2980DE0500124F56 /* EGOUITests.swift in Sources */ = {isa = PBXBuildFile; fileRef = 4E64E0BB2980DE0500124F56 /* EGOUITests.swift */; };
		4E64E0BE2980DE0500124F56 /* EGOUITestsLaunchTests.swift in Sources */ = {isa = PBXBuildFile; fileRef = 4E64E0BD2980DE0500124F56 /* EGOUITestsLaunchTests.swift */; };
		4E659D3D29A3726200C7A917 /* LoginViewController.swift in Sources */ = {isa = PBXBuildFile; fileRef = 4E659D3C29A3726200C7A917 /* LoginViewController.swift */; };
		4E659D3F29A3773300C7A917 /* LocalAuthentication.framework in Frameworks */ = {isa = PBXBuildFile; fileRef = 4E659D3E29A3773300C7A917 /* LocalAuthentication.framework */; };
		4E7A0DA429DBCA970009A67C /* MainTabBarViewController.swift in Sources */ = {isa = PBXBuildFile; fileRef = 4E7A0DA329DBCA970009A67C /* MainTabBarViewController.swift */; };
		4ECA05F429A4A75500515698 /* Noto_Sans in Resources */ = {isa = PBXBuildFile; fileRef = 4ECA05F329A4A75500515698 /* Noto_Sans */; };
		762A21A393C24A6FCCEACEE7 /* Pods_EGOTests.framework in Frameworks */ = {isa = PBXBuildFile; fileRef = 795F58B55B98937046906613 /* Pods_EGOTests.framework */; };
		BDF85C924D79BC6693501477 /* Pods_EGO.framework in Frameworks */ = {isa = PBXBuildFile; fileRef = 3DC43AC76CB26ECB14E13C6E /* Pods_EGO.framework */; };
		CC4803E629DAF2FF006037A9 /* egg.swift in Sources */ = {isa = PBXBuildFile; fileRef = CC4803E529DAF2FF006037A9 /* egg.swift */; };
		CC838FA529D2FEED0007E91B /* diary.swift in Sources */ = {isa = PBXBuildFile; fileRef = CC838FA429D2FEED0007E91B /* diary.swift */; };
		CC838FA929D304040007E91B /* diaryListTableViewCell.swift in Sources */ = {isa = PBXBuildFile; fileRef = CC838FA829D304040007E91B /* diaryListTableViewCell.swift */; };
		CC838FAB29D319C30007E91B /* detailViewController.swift in Sources */ = {isa = PBXBuildFile; fileRef = CC838FAA29D319C30007E91B /* detailViewController.swift */; };
		CCC30CCC29C9CFDB008A9466 /* mothlyAdd_1ViewController.swift in Sources */ = {isa = PBXBuildFile; fileRef = CCC30CCB29C9CFDB008A9466 /* mothlyAdd_1ViewController.swift */; };
		CCC30CCE29C9D008008A9466 /* mothlyAdd_2ViewController.swift in Sources */ = {isa = PBXBuildFile; fileRef = CCC30CCD29C9D008008A9466 /* mothlyAdd_2ViewController.swift */; };
		CCC30CD029C9D038008A9466 /* mothlyListViewController.swift in Sources */ = {isa = PBXBuildFile; fileRef = CCC30CCF29C9D038008A9466 /* mothlyListViewController.swift */; };
		CCC30CD229C9D055008A9466 /* mothlyViewController.swift in Sources */ = {isa = PBXBuildFile; fileRef = CCC30CD129C9D055008A9466 /* mothlyViewController.swift */; };
		CCC30CD429C9D08B008A9466 /* eggAddViewController.swift in Sources */ = {isa = PBXBuildFile; fileRef = CCC30CD329C9D08B008A9466 /* eggAddViewController.swift */; };
		FE43BDB629CF3C4900523881 /* NoticeTableViewCell.swift in Sources */ = {isa = PBXBuildFile; fileRef = FE43BDB529CF3C4900523881 /* NoticeTableViewCell.swift */; };
		FE6F2B2129EC1822007DD6AC /* NoticeLblViewController.swift in Sources */ = {isa = PBXBuildFile; fileRef = FE6F2B2029EC1822007DD6AC /* NoticeLblViewController.swift */; };
		FE90C38429A23492008B88A2 /* MoreViewController.swift in Sources */ = {isa = PBXBuildFile; fileRef = FE90C38329A23492008B88A2 /* MoreViewController.swift */; };
		FE90C38A29A23A01008B88A2 /* ProfileViewController.swift in Sources */ = {isa = PBXBuildFile; fileRef = FE90C38929A23A01008B88A2 /* ProfileViewController.swift */; };
		FE90C38C29A23D0D008B88A2 /* NoticeViewController.swift in Sources */ = {isa = PBXBuildFile; fileRef = FE90C38B29A23D0D008B88A2 /* NoticeViewController.swift */; };
		FEA4F32129D98DEF00C6647A /* SettingViewController.swift in Sources */ = {isa = PBXBuildFile; fileRef = FEA4F32029D98DEF00C6647A /* SettingViewController.swift */; };
/* End PBXBuildFile section */

/* Begin PBXContainerItemProxy section */
		4E64E0AE2980DE0500124F56 /* PBXContainerItemProxy */ = {
			isa = PBXContainerItemProxy;
			containerPortal = 4E64E08F2980DE0400124F56 /* Project object */;
			proxyType = 1;
			remoteGlobalIDString = 4E64E0962980DE0400124F56;
			remoteInfo = EGO;
		};
		4E64E0B82980DE0500124F56 /* PBXContainerItemProxy */ = {
			isa = PBXContainerItemProxy;
			containerPortal = 4E64E08F2980DE0400124F56 /* Project object */;
			proxyType = 1;
			remoteGlobalIDString = 4E64E0962980DE0400124F56;
			remoteInfo = EGO;
		};
/* End PBXContainerItemProxy section */

/* Begin PBXFileReference section */
		00186B45197B07E111F8DDED /* Pods_EGO_EGOUITests.framework */ = {isa = PBXFileReference; explicitFileType = wrapper.framework; includeInIndex = 0; path = Pods_EGO_EGOUITests.framework; sourceTree = BUILT_PRODUCTS_DIR; };
		1FC7E208F6BCD2B66A6D8098 /* Pods-EGO.release.xcconfig */ = {isa = PBXFileReference; includeInIndex = 1; lastKnownFileType = text.xcconfig; name = "Pods-EGO.release.xcconfig"; path = "Target Support Files/Pods-EGO/Pods-EGO.release.xcconfig"; sourceTree = "<group>"; };
		3DC43AC76CB26ECB14E13C6E /* Pods_EGO.framework */ = {isa = PBXFileReference; explicitFileType = wrapper.framework; includeInIndex = 0; path = Pods_EGO.framework; sourceTree = BUILT_PRODUCTS_DIR; };
		4C0F43B92A12798A008F70DE /* AddFriendViewController.swift */ = {isa = PBXFileReference; lastKnownFileType = sourcecode.swift; path = AddFriendViewController.swift; sourceTree = "<group>"; };
		4C5063EE299B876700F8F3B8 /* SocialViewController.swift */ = {isa = PBXFileReference; lastKnownFileType = sourcecode.swift; path = SocialViewController.swift; sourceTree = "<group>"; };
		4C5063F0299B89A700F8F3B8 /* SocialTableViewCell.swift */ = {isa = PBXFileReference; lastKnownFileType = sourcecode.swift; path = SocialTableViewCell.swift; sourceTree = "<group>"; };
		4CCD70BE2A03E988007C38A9 /* AddSocialViewController.swift */ = {isa = PBXFileReference; lastKnownFileType = sourcecode.swift; path = AddSocialViewController.swift; sourceTree = "<group>"; };
		4CCD70C02A03EA08007C38A9 /* AddSocialTableViewCell.swift */ = {isa = PBXFileReference; lastKnownFileType = sourcecode.swift; path = AddSocialTableViewCell.swift; sourceTree = "<group>"; };
		4CCD70C62A0413AD007C38A9 /* FriendViewController.swift */ = {isa = PBXFileReference; lastKnownFileType = sourcecode.swift; path = FriendViewController.swift; sourceTree = "<group>"; };
		4D96226400818A9BF6D597DD /* Pods-EGOTests.debug.xcconfig */ = {isa = PBXFileReference; includeInIndex = 1; lastKnownFileType = text.xcconfig; name = "Pods-EGOTests.debug.xcconfig"; path = "Target Support Files/Pods-EGOTests/Pods-EGOTests.debug.xcconfig"; sourceTree = "<group>"; };
		4E365FB229E7DBDE00853FB7 /* RegisterViewController.swift */ = {isa = PBXFileReference; lastKnownFileType = sourcecode.swift; path = RegisterViewController.swift; sourceTree = "<group>"; };
		4E4CCE7F2A111BF200139248 /* FirbaseManager.swift */ = {isa = PBXFileReference; lastKnownFileType = sourcecode.swift; path = FirbaseManager.swift; sourceTree = "<group>"; };
		4E5C328029B8447400E176B5 /* GoogleService-Info.plist */ = {isa = PBXFileReference; fileEncoding = 4; lastKnownFileType = text.plist.xml; path = "GoogleService-Info.plist"; sourceTree = "<group>"; };
		4E646E2A29C2D45B00E68840 /* MainViewController.swift */ = {isa = PBXFileReference; lastKnownFileType = sourcecode.swift; path = MainViewController.swift; sourceTree = "<group>"; };
		4E64E0972980DE0400124F56 /* EGO.app */ = {isa = PBXFileReference; explicitFileType = wrapper.application; includeInIndex = 0; path = EGO.app; sourceTree = BUILT_PRODUCTS_DIR; };
		4E64E09A2980DE0400124F56 /* AppDelegate.swift */ = {isa = PBXFileReference; lastKnownFileType = sourcecode.swift; path = AppDelegate.swift; sourceTree = "<group>"; };
		4E64E09C2980DE0400124F56 /* SceneDelegate.swift */ = {isa = PBXFileReference; lastKnownFileType = sourcecode.swift; path = SceneDelegate.swift; sourceTree = "<group>"; };
		4E64E09E2980DE0400124F56 /* ViewController.swift */ = {isa = PBXFileReference; lastKnownFileType = sourcecode.swift; path = ViewController.swift; sourceTree = "<group>"; };
		4E64E0A12980DE0400124F56 /* Base */ = {isa = PBXFileReference; lastKnownFileType = file.storyboard; name = Base; path = Base.lproj/Main.storyboard; sourceTree = "<group>"; };
		4E64E0A32980DE0500124F56 /* Assets.xcassets */ = {isa = PBXFileReference; lastKnownFileType = folder.assetcatalog; path = Assets.xcassets; sourceTree = "<group>"; };
		4E64E0A62980DE0500124F56 /* Base */ = {isa = PBXFileReference; lastKnownFileType = file.storyboard; name = Base; path = Base.lproj/LaunchScreen.storyboard; sourceTree = "<group>"; };
		4E64E0A82980DE0500124F56 /* Info.plist */ = {isa = PBXFileReference; lastKnownFileType = text.plist.xml; path = Info.plist; sourceTree = "<group>"; };
		4E64E0AD2980DE0500124F56 /* EGOTests.xctest */ = {isa = PBXFileReference; explicitFileType = wrapper.cfbundle; includeInIndex = 0; path = EGOTests.xctest; sourceTree = BUILT_PRODUCTS_DIR; };
		4E64E0B12980DE0500124F56 /* EGOTests.swift */ = {isa = PBXFileReference; lastKnownFileType = sourcecode.swift; path = EGOTests.swift; sourceTree = "<group>"; };
		4E64E0B72980DE0500124F56 /* EGOUITests.xctest */ = {isa = PBXFileReference; explicitFileType = wrapper.cfbundle; includeInIndex = 0; path = EGOUITests.xctest; sourceTree = BUILT_PRODUCTS_DIR; };
		4E64E0BB2980DE0500124F56 /* EGOUITests.swift */ = {isa = PBXFileReference; lastKnownFileType = sourcecode.swift; path = EGOUITests.swift; sourceTree = "<group>"; };
		4E64E0BD2980DE0500124F56 /* EGOUITestsLaunchTests.swift */ = {isa = PBXFileReference; lastKnownFileType = sourcecode.swift; path = EGOUITestsLaunchTests.swift; sourceTree = "<group>"; };
		4E659D3C29A3726200C7A917 /* LoginViewController.swift */ = {isa = PBXFileReference; lastKnownFileType = sourcecode.swift; path = LoginViewController.swift; sourceTree = "<group>"; };
		4E659D3E29A3773300C7A917 /* LocalAuthentication.framework */ = {isa = PBXFileReference; lastKnownFileType = wrapper.framework; name = LocalAuthentication.framework; path = System/Library/Frameworks/LocalAuthentication.framework; sourceTree = SDKROOT; };
		4E7A0DA329DBCA970009A67C /* MainTabBarViewController.swift */ = {isa = PBXFileReference; lastKnownFileType = sourcecode.swift; path = MainTabBarViewController.swift; sourceTree = "<group>"; };
		4ECA05F329A4A75500515698 /* Noto_Sans */ = {isa = PBXFileReference; lastKnownFileType = folder; path = Noto_Sans; sourceTree = "<group>"; };
		7708021F62708C02CB04E190 /* Pods-EGO.debug.xcconfig */ = {isa = PBXFileReference; includeInIndex = 1; lastKnownFileType = text.xcconfig; name = "Pods-EGO.debug.xcconfig"; path = "Target Support Files/Pods-EGO/Pods-EGO.debug.xcconfig"; sourceTree = "<group>"; };
		78D79C22AA0E255FF6E40E97 /* Pods-EGOTests.release.xcconfig */ = {isa = PBXFileReference; includeInIndex = 1; lastKnownFileType = text.xcconfig; name = "Pods-EGOTests.release.xcconfig"; path = "Target Support Files/Pods-EGOTests/Pods-EGOTests.release.xcconfig"; sourceTree = "<group>"; };
		795F58B55B98937046906613 /* Pods_EGOTests.framework */ = {isa = PBXFileReference; explicitFileType = wrapper.framework; includeInIndex = 0; path = Pods_EGOTests.framework; sourceTree = BUILT_PRODUCTS_DIR; };
		90BBECC1EFB6E3818C35A579 /* Pods-EGO-EGOUITests.release.xcconfig */ = {isa = PBXFileReference; includeInIndex = 1; lastKnownFileType = text.xcconfig; name = "Pods-EGO-EGOUITests.release.xcconfig"; path = "Target Support Files/Pods-EGO-EGOUITests/Pods-EGO-EGOUITests.release.xcconfig"; sourceTree = "<group>"; };
		B8B384F5B600D041A9784A76 /* Pods-EGO-EGOUITests.debug.xcconfig */ = {isa = PBXFileReference; includeInIndex = 1; lastKnownFileType = text.xcconfig; name = "Pods-EGO-EGOUITests.debug.xcconfig"; path = "Target Support Files/Pods-EGO-EGOUITests/Pods-EGO-EGOUITests.debug.xcconfig"; sourceTree = "<group>"; };
		CC4803E529DAF2FF006037A9 /* egg.swift */ = {isa = PBXFileReference; lastKnownFileType = sourcecode.swift; path = egg.swift; sourceTree = "<group>"; };
		CC838FA429D2FEED0007E91B /* diary.swift */ = {isa = PBXFileReference; lastKnownFileType = sourcecode.swift; path = diary.swift; sourceTree = "<group>"; };
		CC838FA829D304040007E91B /* diaryListTableViewCell.swift */ = {isa = PBXFileReference; lastKnownFileType = sourcecode.swift; path = diaryListTableViewCell.swift; sourceTree = "<group>"; };
		CC838FAA29D319C30007E91B /* detailViewController.swift */ = {isa = PBXFileReference; lastKnownFileType = sourcecode.swift; path = detailViewController.swift; sourceTree = "<group>"; };
		CCC30CCB29C9CFDB008A9466 /* mothlyAdd_1ViewController.swift */ = {isa = PBXFileReference; lastKnownFileType = sourcecode.swift; path = mothlyAdd_1ViewController.swift; sourceTree = "<group>"; };
		CCC30CCD29C9D008008A9466 /* mothlyAdd_2ViewController.swift */ = {isa = PBXFileReference; lastKnownFileType = sourcecode.swift; path = mothlyAdd_2ViewController.swift; sourceTree = "<group>"; };
		CCC30CCF29C9D038008A9466 /* mothlyListViewController.swift */ = {isa = PBXFileReference; lastKnownFileType = sourcecode.swift; path = mothlyListViewController.swift; sourceTree = "<group>"; };
		CCC30CD129C9D055008A9466 /* mothlyViewController.swift */ = {isa = PBXFileReference; lastKnownFileType = sourcecode.swift; path = mothlyViewController.swift; sourceTree = "<group>"; };
		CCC30CD329C9D08B008A9466 /* eggAddViewController.swift */ = {isa = PBXFileReference; lastKnownFileType = sourcecode.swift; path = eggAddViewController.swift; sourceTree = "<group>"; };
		FE43BDB529CF3C4900523881 /* NoticeTableViewCell.swift */ = {isa = PBXFileReference; lastKnownFileType = sourcecode.swift; path = NoticeTableViewCell.swift; sourceTree = "<group>"; };
		FE6F2B2029EC1822007DD6AC /* NoticeLblViewController.swift */ = {isa = PBXFileReference; lastKnownFileType = sourcecode.swift; path = NoticeLblViewController.swift; sourceTree = "<group>"; };
		FE80442629DAE69000D1C9A5 /* EGO.entitlements */ = {isa = PBXFileReference; lastKnownFileType = text.plist.entitlements; path = EGO.entitlements; sourceTree = "<group>"; };
		FE90C38329A23492008B88A2 /* MoreViewController.swift */ = {isa = PBXFileReference; lastKnownFileType = sourcecode.swift; path = MoreViewController.swift; sourceTree = "<group>"; };
		FE90C38929A23A01008B88A2 /* ProfileViewController.swift */ = {isa = PBXFileReference; lastKnownFileType = sourcecode.swift; path = ProfileViewController.swift; sourceTree = "<group>"; };
		FE90C38B29A23D0D008B88A2 /* NoticeViewController.swift */ = {isa = PBXFileReference; lastKnownFileType = sourcecode.swift; path = NoticeViewController.swift; sourceTree = "<group>"; };
		FEA4F32029D98DEF00C6647A /* SettingViewController.swift */ = {isa = PBXFileReference; lastKnownFileType = sourcecode.swift; path = SettingViewController.swift; sourceTree = "<group>"; };
/* End PBXFileReference section */

/* Begin PBXFrameworksBuildPhase section */
		4E64E0942980DE0400124F56 /* Frameworks */ = {
			isa = PBXFrameworksBuildPhase;
			buildActionMask = 2147483647;
			files = (
				4E659D3F29A3773300C7A917 /* LocalAuthentication.framework in Frameworks */,
				BDF85C924D79BC6693501477 /* Pods_EGO.framework in Frameworks */,
			);
			runOnlyForDeploymentPostprocessing = 0;
		};
		4E64E0AA2980DE0500124F56 /* Frameworks */ = {
			isa = PBXFrameworksBuildPhase;
			buildActionMask = 2147483647;
			files = (
				762A21A393C24A6FCCEACEE7 /* Pods_EGOTests.framework in Frameworks */,
			);
			runOnlyForDeploymentPostprocessing = 0;
		};
		4E64E0B42980DE0500124F56 /* Frameworks */ = {
			isa = PBXFrameworksBuildPhase;
			buildActionMask = 2147483647;
			files = (
				44CE3696AE86B964F3C30D25 /* Pods_EGO_EGOUITests.framework in Frameworks */,
			);
			runOnlyForDeploymentPostprocessing = 0;
		};
/* End PBXFrameworksBuildPhase section */

/* Begin PBXGroup section */
		4AC66D4E4F8679F78C278070 /* Frameworks */ = {
			isa = PBXGroup;
			children = (
				4E659D3E29A3773300C7A917 /* LocalAuthentication.framework */,
				3DC43AC76CB26ECB14E13C6E /* Pods_EGO.framework */,
				00186B45197B07E111F8DDED /* Pods_EGO_EGOUITests.framework */,
				795F58B55B98937046906613 /* Pods_EGOTests.framework */,
			);
			name = Frameworks;
			sourceTree = "<group>";
		};
		4E64E08E2980DE0400124F56 = {
			isa = PBXGroup;
			children = (
				4E64E0992980DE0400124F56 /* EGO */,
				4E64E0B02980DE0500124F56 /* EGOTests */,
				4E64E0BA2980DE0500124F56 /* EGOUITests */,
				4E64E0982980DE0400124F56 /* Products */,
				ADE0F5C13DBB691A9072510A /* Pods */,
				4AC66D4E4F8679F78C278070 /* Frameworks */,
			);
			sourceTree = "<group>";
		};
		4E64E0982980DE0400124F56 /* Products */ = {
			isa = PBXGroup;
			children = (
				4E64E0972980DE0400124F56 /* EGO.app */,
				4E64E0AD2980DE0500124F56 /* EGOTests.xctest */,
				4E64E0B72980DE0500124F56 /* EGOUITests.xctest */,
			);
			name = Products;
			sourceTree = "<group>";
		};
		4E64E0992980DE0400124F56 /* EGO */ = {
			isa = PBXGroup;
			children = (
				FE80442629DAE69000D1C9A5 /* EGO.entitlements */,
				4ECA05F229A4A73000515698 /* Fonts */,
				4E64E09A2980DE0400124F56 /* AppDelegate.swift */,
				4E64E09C2980DE0400124F56 /* SceneDelegate.swift */,
				4E64E09E2980DE0400124F56 /* ViewController.swift */,
				4E64E0A02980DE0400124F56 /* Main.storyboard */,
				4C0F43B92A12798A008F70DE /* AddFriendViewController.swift */,
				4CCD70C62A0413AD007C38A9 /* FriendViewController.swift */,
				4CCD70BE2A03E988007C38A9 /* AddSocialViewController.swift */,
				4CCD70C02A03EA08007C38A9 /* AddSocialTableViewCell.swift */,
				CC838FAA29D319C30007E91B /* detailViewController.swift */,
				CC838FA829D304040007E91B /* diaryListTableViewCell.swift */,
				CCC30CD329C9D08B008A9466 /* eggAddViewController.swift */,
				CCC30CD129C9D055008A9466 /* mothlyViewController.swift */,
				CCC30CCF29C9D038008A9466 /* mothlyListViewController.swift */,
				CCC30CCB29C9CFDB008A9466 /* mothlyAdd_1ViewController.swift */,
				CCC30CCD29C9D008008A9466 /* mothlyAdd_2ViewController.swift */,
				4E646E2A29C2D45B00E68840 /* MainViewController.swift */,
				FE6F2B2029EC1822007DD6AC /* NoticeLblViewController.swift */,
				FE43BDB529CF3C4900523881 /* NoticeTableViewCell.swift */,
				4C5063EE299B876700F8F3B8 /* SocialViewController.swift */,
				FEA4F32029D98DEF00C6647A /* SettingViewController.swift */,
				4C5063F0299B89A700F8F3B8 /* SocialTableViewCell.swift */,
				FE90C38B29A23D0D008B88A2 /* NoticeViewController.swift */,
				FE90C38929A23A01008B88A2 /* ProfileViewController.swift */,
				FE90C38329A23492008B88A2 /* MoreViewController.swift */,
				4E7A0DA329DBCA970009A67C /* MainTabBarViewController.swift */,
				4E64E0A32980DE0500124F56 /* Assets.xcassets */,
				4E64E0A52980DE0500124F56 /* LaunchScreen.storyboard */,
				4E64E0A82980DE0500124F56 /* Info.plist */,
				4E5C328029B8447400E176B5 /* GoogleService-Info.plist */,
				4E659D3C29A3726200C7A917 /* LoginViewController.swift */,
				4E365FB229E7DBDE00853FB7 /* RegisterViewController.swift */,
				4E4CCE7F2A111BF200139248 /* FirbaseManager.swift */,
				4ECA05F529B81DE100515698 /* Model */,
				4ECA05F629B81DE800515698 /* ViewModel */,
			);
			path = EGO;
			sourceTree = "<group>";
		};
		4E64E0B02980DE0500124F56 /* EGOTests */ = {
			isa = PBXGroup;
			children = (
				4E64E0B12980DE0500124F56 /* EGOTests.swift */,
			);
			path = EGOTests;
			sourceTree = "<group>";
		};
		4E64E0BA2980DE0500124F56 /* EGOUITests */ = {
			isa = PBXGroup;
			children = (
				4E64E0BB2980DE0500124F56 /* EGOUITests.swift */,
				4E64E0BD2980DE0500124F56 /* EGOUITestsLaunchTests.swift */,
			);
			path = EGOUITests;
			sourceTree = "<group>";
		};
		4ECA05F229A4A73000515698 /* Fonts */ = {
			isa = PBXGroup;
			children = (
				4ECA05F329A4A75500515698 /* Noto_Sans */,
			);
			path = Fonts;
			sourceTree = "<group>";
		};
		4ECA05F529B81DE100515698 /* Model */ = {
			isa = PBXGroup;
			children = (
				CC4803E529DAF2FF006037A9 /* egg.swift */,
				CC838FA429D2FEED0007E91B /* diary.swift */,
			);
			path = Model;
			sourceTree = "<group>";
		};
		4ECA05F629B81DE800515698 /* ViewModel */ = {
			isa = PBXGroup;
			children = (
			);
			path = ViewModel;
			sourceTree = "<group>";
		};
		ADE0F5C13DBB691A9072510A /* Pods */ = {
			isa = PBXGroup;
			children = (
				7708021F62708C02CB04E190 /* Pods-EGO.debug.xcconfig */,
				1FC7E208F6BCD2B66A6D8098 /* Pods-EGO.release.xcconfig */,
				B8B384F5B600D041A9784A76 /* Pods-EGO-EGOUITests.debug.xcconfig */,
				90BBECC1EFB6E3818C35A579 /* Pods-EGO-EGOUITests.release.xcconfig */,
				4D96226400818A9BF6D597DD /* Pods-EGOTests.debug.xcconfig */,
				78D79C22AA0E255FF6E40E97 /* Pods-EGOTests.release.xcconfig */,
			);
			path = Pods;
			sourceTree = "<group>";
		};
/* End PBXGroup section */

/* Begin PBXNativeTarget section */
		4E64E0962980DE0400124F56 /* EGO */ = {
			isa = PBXNativeTarget;
			buildConfigurationList = 4E64E0C12980DE0500124F56 /* Build configuration list for PBXNativeTarget "EGO" */;
			buildPhases = (
				7D58CBEDCC9782035F21D6C4 /* [CP] Check Pods Manifest.lock */,
				4E64E0932980DE0400124F56 /* Sources */,
				4E64E0942980DE0400124F56 /* Frameworks */,
				4E64E0952980DE0400124F56 /* Resources */,
				A09EB7DAC766DCF824958BF3 /* [CP] Embed Pods Frameworks */,
			);
			buildRules = (
			);
			dependencies = (
			);
			name = EGO;
			productName = EGO;
			productReference = 4E64E0972980DE0400124F56 /* EGO.app */;
			productType = "com.apple.product-type.application";
		};
		4E64E0AC2980DE0500124F56 /* EGOTests */ = {
			isa = PBXNativeTarget;
			buildConfigurationList = 4E64E0C42980DE0500124F56 /* Build configuration list for PBXNativeTarget "EGOTests" */;
			buildPhases = (
				6E53B29F23CC50C8AE092000 /* [CP] Check Pods Manifest.lock */,
				4E64E0A92980DE0500124F56 /* Sources */,
				4E64E0AA2980DE0500124F56 /* Frameworks */,
				4E64E0AB2980DE0500124F56 /* Resources */,
			);
			buildRules = (
			);
			dependencies = (
				4E64E0AF2980DE0500124F56 /* PBXTargetDependency */,
			);
			name = EGOTests;
			productName = EGOTests;
			productReference = 4E64E0AD2980DE0500124F56 /* EGOTests.xctest */;
			productType = "com.apple.product-type.bundle.unit-test";
		};
		4E64E0B62980DE0500124F56 /* EGOUITests */ = {
			isa = PBXNativeTarget;
			buildConfigurationList = 4E64E0C72980DE0500124F56 /* Build configuration list for PBXNativeTarget "EGOUITests" */;
			buildPhases = (
				892BEC3D3A15D0883215F806 /* [CP] Check Pods Manifest.lock */,
				4E64E0B32980DE0500124F56 /* Sources */,
				4E64E0B42980DE0500124F56 /* Frameworks */,
				4E64E0B52980DE0500124F56 /* Resources */,
				0346B2F0D220D7D341BAE65A /* [CP] Embed Pods Frameworks */,
			);
			buildRules = (
			);
			dependencies = (
				4E64E0B92980DE0500124F56 /* PBXTargetDependency */,
			);
			name = EGOUITests;
			productName = EGOUITests;
			productReference = 4E64E0B72980DE0500124F56 /* EGOUITests.xctest */;
			productType = "com.apple.product-type.bundle.ui-testing";
		};
/* End PBXNativeTarget section */

/* Begin PBXProject section */
		4E64E08F2980DE0400124F56 /* Project object */ = {
			isa = PBXProject;
			attributes = {
				BuildIndependentTargetsInParallel = 1;
				LastSwiftUpdateCheck = 1420;
				LastUpgradeCheck = 1420;
				TargetAttributes = {
					4E64E0962980DE0400124F56 = {
						CreatedOnToolsVersion = 14.2;
					};
					4E64E0AC2980DE0500124F56 = {
						CreatedOnToolsVersion = 14.2;
						TestTargetID = 4E64E0962980DE0400124F56;
					};
					4E64E0B62980DE0500124F56 = {
						CreatedOnToolsVersion = 14.2;
						TestTargetID = 4E64E0962980DE0400124F56;
					};
				};
			};
			buildConfigurationList = 4E64E0922980DE0400124F56 /* Build configuration list for PBXProject "EGO" */;
			compatibilityVersion = "Xcode 14.0";
			developmentRegion = en;
			hasScannedForEncodings = 0;
			knownRegions = (
				en,
				Base,
			);
			mainGroup = 4E64E08E2980DE0400124F56;
			productRefGroup = 4E64E0982980DE0400124F56 /* Products */;
			projectDirPath = "";
			projectRoot = "";
			targets = (
				4E64E0962980DE0400124F56 /* EGO */,
				4E64E0AC2980DE0500124F56 /* EGOTests */,
				4E64E0B62980DE0500124F56 /* EGOUITests */,
			);
		};
/* End PBXProject section */

/* Begin PBXResourcesBuildPhase section */
		4E64E0952980DE0400124F56 /* Resources */ = {
			isa = PBXResourcesBuildPhase;
			buildActionMask = 2147483647;
			files = (
				4E64E0A72980DE0500124F56 /* LaunchScreen.storyboard in Resources */,
				4ECA05F429A4A75500515698 /* Noto_Sans in Resources */,
				4E5C328129B8447400E176B5 /* GoogleService-Info.plist in Resources */,
				4E64E0A42980DE0500124F56 /* Assets.xcassets in Resources */,
				4E64E0A22980DE0400124F56 /* Main.storyboard in Resources */,
			);
			runOnlyForDeploymentPostprocessing = 0;
		};
		4E64E0AB2980DE0500124F56 /* Resources */ = {
			isa = PBXResourcesBuildPhase;
			buildActionMask = 2147483647;
			files = (
			);
			runOnlyForDeploymentPostprocessing = 0;
		};
		4E64E0B52980DE0500124F56 /* Resources */ = {
			isa = PBXResourcesBuildPhase;
			buildActionMask = 2147483647;
			files = (
			);
			runOnlyForDeploymentPostprocessing = 0;
		};
/* End PBXResourcesBuildPhase section */

/* Begin PBXShellScriptBuildPhase section */
		0346B2F0D220D7D341BAE65A /* [CP] Embed Pods Frameworks */ = {
			isa = PBXShellScriptBuildPhase;
			buildActionMask = 2147483647;
			files = (
			);
			inputFileListPaths = (
				"${PODS_ROOT}/Target Support Files/Pods-EGO-EGOUITests/Pods-EGO-EGOUITests-frameworks-${CONFIGURATION}-input-files.xcfilelist",
			);
			name = "[CP] Embed Pods Frameworks";
			outputFileListPaths = (
				"${PODS_ROOT}/Target Support Files/Pods-EGO-EGOUITests/Pods-EGO-EGOUITests-frameworks-${CONFIGURATION}-output-files.xcfilelist",
			);
			runOnlyForDeploymentPostprocessing = 0;
			shellPath = /bin/sh;
			shellScript = "\"${PODS_ROOT}/Target Support Files/Pods-EGO-EGOUITests/Pods-EGO-EGOUITests-frameworks.sh\"\n";
			showEnvVarsInLog = 0;
		};
		6E53B29F23CC50C8AE092000 /* [CP] Check Pods Manifest.lock */ = {
			isa = PBXShellScriptBuildPhase;
			buildActionMask = 2147483647;
			files = (
			);
			inputFileListPaths = (
			);
			inputPaths = (
				"${PODS_PODFILE_DIR_PATH}/Podfile.lock",
				"${PODS_ROOT}/Manifest.lock",
			);
			name = "[CP] Check Pods Manifest.lock";
			outputFileListPaths = (
			);
			outputPaths = (
				"$(DERIVED_FILE_DIR)/Pods-EGOTests-checkManifestLockResult.txt",
			);
			runOnlyForDeploymentPostprocessing = 0;
			shellPath = /bin/sh;
			shellScript = "diff \"${PODS_PODFILE_DIR_PATH}/Podfile.lock\" \"${PODS_ROOT}/Manifest.lock\" > /dev/null\nif [ $? != 0 ] ; then\n    # print error to STDERR\n    echo \"error: The sandbox is not in sync with the Podfile.lock. Run 'pod install' or update your CocoaPods installation.\" >&2\n    exit 1\nfi\n# This output is used by Xcode 'outputs' to avoid re-running this script phase.\necho \"SUCCESS\" > \"${SCRIPT_OUTPUT_FILE_0}\"\n";
			showEnvVarsInLog = 0;
		};
		7D58CBEDCC9782035F21D6C4 /* [CP] Check Pods Manifest.lock */ = {
			isa = PBXShellScriptBuildPhase;
			buildActionMask = 2147483647;
			files = (
			);
			inputFileListPaths = (
			);
			inputPaths = (
				"${PODS_PODFILE_DIR_PATH}/Podfile.lock",
				"${PODS_ROOT}/Manifest.lock",
			);
			name = "[CP] Check Pods Manifest.lock";
			outputFileListPaths = (
			);
			outputPaths = (
				"$(DERIVED_FILE_DIR)/Pods-EGO-checkManifestLockResult.txt",
			);
			runOnlyForDeploymentPostprocessing = 0;
			shellPath = /bin/sh;
			shellScript = "diff \"${PODS_PODFILE_DIR_PATH}/Podfile.lock\" \"${PODS_ROOT}/Manifest.lock\" > /dev/null\nif [ $? != 0 ] ; then\n    # print error to STDERR\n    echo \"error: The sandbox is not in sync with the Podfile.lock. Run 'pod install' or update your CocoaPods installation.\" >&2\n    exit 1\nfi\n# This output is used by Xcode 'outputs' to avoid re-running this script phase.\necho \"SUCCESS\" > \"${SCRIPT_OUTPUT_FILE_0}\"\n";
			showEnvVarsInLog = 0;
		};
		892BEC3D3A15D0883215F806 /* [CP] Check Pods Manifest.lock */ = {
			isa = PBXShellScriptBuildPhase;
			buildActionMask = 2147483647;
			files = (
			);
			inputFileListPaths = (
			);
			inputPaths = (
				"${PODS_PODFILE_DIR_PATH}/Podfile.lock",
				"${PODS_ROOT}/Manifest.lock",
			);
			name = "[CP] Check Pods Manifest.lock";
			outputFileListPaths = (
			);
			outputPaths = (
				"$(DERIVED_FILE_DIR)/Pods-EGO-EGOUITests-checkManifestLockResult.txt",
			);
			runOnlyForDeploymentPostprocessing = 0;
			shellPath = /bin/sh;
			shellScript = "diff \"${PODS_PODFILE_DIR_PATH}/Podfile.lock\" \"${PODS_ROOT}/Manifest.lock\" > /dev/null\nif [ $? != 0 ] ; then\n    # print error to STDERR\n    echo \"error: The sandbox is not in sync with the Podfile.lock. Run 'pod install' or update your CocoaPods installation.\" >&2\n    exit 1\nfi\n# This output is used by Xcode 'outputs' to avoid re-running this script phase.\necho \"SUCCESS\" > \"${SCRIPT_OUTPUT_FILE_0}\"\n";
			showEnvVarsInLog = 0;
		};
		A09EB7DAC766DCF824958BF3 /* [CP] Embed Pods Frameworks */ = {
			isa = PBXShellScriptBuildPhase;
			buildActionMask = 2147483647;
			files = (
			);
			inputFileListPaths = (
				"${PODS_ROOT}/Target Support Files/Pods-EGO/Pods-EGO-frameworks-${CONFIGURATION}-input-files.xcfilelist",
			);
			name = "[CP] Embed Pods Frameworks";
			outputFileListPaths = (
				"${PODS_ROOT}/Target Support Files/Pods-EGO/Pods-EGO-frameworks-${CONFIGURATION}-output-files.xcfilelist",
			);
			runOnlyForDeploymentPostprocessing = 0;
			shellPath = /bin/sh;
			shellScript = "\"${PODS_ROOT}/Target Support Files/Pods-EGO/Pods-EGO-frameworks.sh\"\n";
			showEnvVarsInLog = 0;
		};
/* End PBXShellScriptBuildPhase section */

/* Begin PBXSourcesBuildPhase section */
		4E64E0932980DE0400124F56 /* Sources */ = {
			isa = PBXSourcesBuildPhase;
			buildActionMask = 2147483647;
			files = (
				CCC30CD429C9D08B008A9466 /* eggAddViewController.swift in Sources */,
				CC838FAB29D319C30007E91B /* detailViewController.swift in Sources */,
				4E659D3D29A3726200C7A917 /* LoginViewController.swift in Sources */,
				4CCD70C12A03EA08007C38A9 /* AddSocialTableViewCell.swift in Sources */,
				4CCD70BF2A03E988007C38A9 /* AddSocialViewController.swift in Sources */,
				CC4803E629DAF2FF006037A9 /* egg.swift in Sources */,
				FE90C38A29A23A01008B88A2 /* ProfileViewController.swift in Sources */,
				4E64E09F2980DE0400124F56 /* ViewController.swift in Sources */,
				CCC30CCC29C9CFDB008A9466 /* mothlyAdd_1ViewController.swift in Sources */,
				4E646E2B29C2D45B00E68840 /* MainViewController.swift in Sources */,
				4E4CCE802A111BF200139248 /* FirbaseManager.swift in Sources */,
				FE90C38429A23492008B88A2 /* MoreViewController.swift in Sources */,
				FE43BDB629CF3C4900523881 /* NoticeTableViewCell.swift in Sources */,
				FE90C38C29A23D0D008B88A2 /* NoticeViewController.swift in Sources */,
				CC838FA929D304040007E91B /* diaryListTableViewCell.swift in Sources */,
				CCC30CD229C9D055008A9466 /* mothlyViewController.swift in Sources */,
				4E64E09B2980DE0400124F56 /* AppDelegate.swift in Sources */,
				CCC30CD029C9D038008A9466 /* mothlyListViewController.swift in Sources */,
				4C0F43BA2A12798A008F70DE /* AddFriendViewController.swift in Sources */,
				4C5063F1299B89A700F8F3B8 /* SocialTableViewCell.swift in Sources */,
				CCC30CCE29C9D008008A9466 /* mothlyAdd_2ViewController.swift in Sources */,
				4E7A0DA429DBCA970009A67C /* MainTabBarViewController.swift in Sources */,
				4C5063F1299B89A700F8F3B8 /* SocialTableViewCell.swift in Sources */,
				4E365FB329E7DBDE00853FB7 /* RegisterViewController.swift in Sources */,
				4E64E09D2980DE0400124F56 /* SceneDelegate.swift in Sources */,
				FE6F2B2129EC1822007DD6AC /* NoticeLblViewController.swift in Sources */,
				4CCD70C72A0413AD007C38A9 /* FriendViewController.swift in Sources */,
				4C5063EF299B876700F8F3B8 /* SocialViewController.swift in Sources */,
				CC838FA529D2FEED0007E91B /* diary.swift in Sources */,
				FEA4F32129D98DEF00C6647A /* SettingViewController.swift in Sources */,
			);
			runOnlyForDeploymentPostprocessing = 0;
		};
		4E64E0A92980DE0500124F56 /* Sources */ = {
			isa = PBXSourcesBuildPhase;
			buildActionMask = 2147483647;
			files = (
				4E64E0B22980DE0500124F56 /* EGOTests.swift in Sources */,
			);
			runOnlyForDeploymentPostprocessing = 0;
		};
		4E64E0B32980DE0500124F56 /* Sources */ = {
			isa = PBXSourcesBuildPhase;
			buildActionMask = 2147483647;
			files = (
				4E64E0BE2980DE0500124F56 /* EGOUITestsLaunchTests.swift in Sources */,
				4E64E0BC2980DE0500124F56 /* EGOUITests.swift in Sources */,
			);
			runOnlyForDeploymentPostprocessing = 0;
		};
/* End PBXSourcesBuildPhase section */

/* Begin PBXTargetDependency section */
		4E64E0AF2980DE0500124F56 /* PBXTargetDependency */ = {
			isa = PBXTargetDependency;
			target = 4E64E0962980DE0400124F56 /* EGO */;
			targetProxy = 4E64E0AE2980DE0500124F56 /* PBXContainerItemProxy */;
		};
		4E64E0B92980DE0500124F56 /* PBXTargetDependency */ = {
			isa = PBXTargetDependency;
			target = 4E64E0962980DE0400124F56 /* EGO */;
			targetProxy = 4E64E0B82980DE0500124F56 /* PBXContainerItemProxy */;
		};
/* End PBXTargetDependency section */

/* Begin PBXVariantGroup section */
		4E64E0A02980DE0400124F56 /* Main.storyboard */ = {
			isa = PBXVariantGroup;
			children = (
				4E64E0A12980DE0400124F56 /* Base */,
			);
			name = Main.storyboard;
			sourceTree = "<group>";
		};
		4E64E0A52980DE0500124F56 /* LaunchScreen.storyboard */ = {
			isa = PBXVariantGroup;
			children = (
				4E64E0A62980DE0500124F56 /* Base */,
			);
			name = LaunchScreen.storyboard;
			sourceTree = "<group>";
		};
/* End PBXVariantGroup section */

/* Begin XCBuildConfiguration section */
		4E64E0BF2980DE0500124F56 /* Debug */ = {
			isa = XCBuildConfiguration;
			buildSettings = {
				ALWAYS_SEARCH_USER_PATHS = NO;
				CLANG_ANALYZER_NONNULL = YES;
				CLANG_ANALYZER_NUMBER_OBJECT_CONVERSION = YES_AGGRESSIVE;
				CLANG_CXX_LANGUAGE_STANDARD = "gnu++20";
				CLANG_ENABLE_MODULES = YES;
				CLANG_ENABLE_OBJC_ARC = YES;
				CLANG_ENABLE_OBJC_WEAK = YES;
				CLANG_WARN_BLOCK_CAPTURE_AUTORELEASING = YES;
				CLANG_WARN_BOOL_CONVERSION = YES;
				CLANG_WARN_COMMA = YES;
				CLANG_WARN_CONSTANT_CONVERSION = YES;
				CLANG_WARN_DEPRECATED_OBJC_IMPLEMENTATIONS = YES;
				CLANG_WARN_DIRECT_OBJC_ISA_USAGE = YES_ERROR;
				CLANG_WARN_DOCUMENTATION_COMMENTS = YES;
				CLANG_WARN_EMPTY_BODY = YES;
				CLANG_WARN_ENUM_CONVERSION = YES;
				CLANG_WARN_INFINITE_RECURSION = YES;
				CLANG_WARN_INT_CONVERSION = YES;
				CLANG_WARN_NON_LITERAL_NULL_CONVERSION = YES;
				CLANG_WARN_OBJC_IMPLICIT_RETAIN_SELF = YES;
				CLANG_WARN_OBJC_LITERAL_CONVERSION = YES;
				CLANG_WARN_OBJC_ROOT_CLASS = YES_ERROR;
				CLANG_WARN_QUOTED_INCLUDE_IN_FRAMEWORK_HEADER = YES;
				CLANG_WARN_RANGE_LOOP_ANALYSIS = YES;
				CLANG_WARN_STRICT_PROTOTYPES = YES;
				CLANG_WARN_SUSPICIOUS_MOVE = YES;
				CLANG_WARN_UNGUARDED_AVAILABILITY = YES_AGGRESSIVE;
				CLANG_WARN_UNREACHABLE_CODE = YES;
				CLANG_WARN__DUPLICATE_METHOD_MATCH = YES;
				COPY_PHASE_STRIP = NO;
				DEBUG_INFORMATION_FORMAT = dwarf;
				ENABLE_STRICT_OBJC_MSGSEND = YES;
				ENABLE_TESTABILITY = YES;
				GCC_C_LANGUAGE_STANDARD = gnu11;
				GCC_DYNAMIC_NO_PIC = NO;
				GCC_NO_COMMON_BLOCKS = YES;
				GCC_OPTIMIZATION_LEVEL = 0;
				GCC_PREPROCESSOR_DEFINITIONS = (
					"DEBUG=1",
					"$(inherited)",
				);
				GCC_WARN_64_TO_32_BIT_CONVERSION = YES;
				GCC_WARN_ABOUT_RETURN_TYPE = YES_ERROR;
				GCC_WARN_UNDECLARED_SELECTOR = YES;
				GCC_WARN_UNINITIALIZED_AUTOS = YES_AGGRESSIVE;
				GCC_WARN_UNUSED_FUNCTION = YES;
				GCC_WARN_UNUSED_VARIABLE = YES;
				IPHONEOS_DEPLOYMENT_TARGET = 16.2;
				MTL_ENABLE_DEBUG_INFO = INCLUDE_SOURCE;
				MTL_FAST_MATH = YES;
				ONLY_ACTIVE_ARCH = YES;
				SDKROOT = iphoneos;
				SWIFT_ACTIVE_COMPILATION_CONDITIONS = DEBUG;
				SWIFT_OPTIMIZATION_LEVEL = "-Onone";
			};
			name = Debug;
		};
		4E64E0C02980DE0500124F56 /* Release */ = {
			isa = XCBuildConfiguration;
			buildSettings = {
				ALWAYS_SEARCH_USER_PATHS = NO;
				CLANG_ANALYZER_NONNULL = YES;
				CLANG_ANALYZER_NUMBER_OBJECT_CONVERSION = YES_AGGRESSIVE;
				CLANG_CXX_LANGUAGE_STANDARD = "gnu++20";
				CLANG_ENABLE_MODULES = YES;
				CLANG_ENABLE_OBJC_ARC = YES;
				CLANG_ENABLE_OBJC_WEAK = YES;
				CLANG_WARN_BLOCK_CAPTURE_AUTORELEASING = YES;
				CLANG_WARN_BOOL_CONVERSION = YES;
				CLANG_WARN_COMMA = YES;
				CLANG_WARN_CONSTANT_CONVERSION = YES;
				CLANG_WARN_DEPRECATED_OBJC_IMPLEMENTATIONS = YES;
				CLANG_WARN_DIRECT_OBJC_ISA_USAGE = YES_ERROR;
				CLANG_WARN_DOCUMENTATION_COMMENTS = YES;
				CLANG_WARN_EMPTY_BODY = YES;
				CLANG_WARN_ENUM_CONVERSION = YES;
				CLANG_WARN_INFINITE_RECURSION = YES;
				CLANG_WARN_INT_CONVERSION = YES;
				CLANG_WARN_NON_LITERAL_NULL_CONVERSION = YES;
				CLANG_WARN_OBJC_IMPLICIT_RETAIN_SELF = YES;
				CLANG_WARN_OBJC_LITERAL_CONVERSION = YES;
				CLANG_WARN_OBJC_ROOT_CLASS = YES_ERROR;
				CLANG_WARN_QUOTED_INCLUDE_IN_FRAMEWORK_HEADER = YES;
				CLANG_WARN_RANGE_LOOP_ANALYSIS = YES;
				CLANG_WARN_STRICT_PROTOTYPES = YES;
				CLANG_WARN_SUSPICIOUS_MOVE = YES;
				CLANG_WARN_UNGUARDED_AVAILABILITY = YES_AGGRESSIVE;
				CLANG_WARN_UNREACHABLE_CODE = YES;
				CLANG_WARN__DUPLICATE_METHOD_MATCH = YES;
				COPY_PHASE_STRIP = NO;
				DEBUG_INFORMATION_FORMAT = "dwarf-with-dsym";
				ENABLE_NS_ASSERTIONS = NO;
				ENABLE_STRICT_OBJC_MSGSEND = YES;
				GCC_C_LANGUAGE_STANDARD = gnu11;
				GCC_NO_COMMON_BLOCKS = YES;
				GCC_WARN_64_TO_32_BIT_CONVERSION = YES;
				GCC_WARN_ABOUT_RETURN_TYPE = YES_ERROR;
				GCC_WARN_UNDECLARED_SELECTOR = YES;
				GCC_WARN_UNINITIALIZED_AUTOS = YES_AGGRESSIVE;
				GCC_WARN_UNUSED_FUNCTION = YES;
				GCC_WARN_UNUSED_VARIABLE = YES;
				IPHONEOS_DEPLOYMENT_TARGET = 16.2;
				MTL_ENABLE_DEBUG_INFO = NO;
				MTL_FAST_MATH = YES;
				SDKROOT = iphoneos;
				SWIFT_COMPILATION_MODE = wholemodule;
				SWIFT_OPTIMIZATION_LEVEL = "-O";
				VALIDATE_PRODUCT = YES;
			};
			name = Release;
		};
		4E64E0C22980DE0500124F56 /* Debug */ = {
			isa = XCBuildConfiguration;
			baseConfigurationReference = 7708021F62708C02CB04E190 /* Pods-EGO.debug.xcconfig */;
			buildSettings = {
				ASSETCATALOG_COMPILER_APPICON_NAME = AppIcon;
				ASSETCATALOG_COMPILER_GLOBAL_ACCENT_COLOR_NAME = AccentColor;
				CODE_SIGN_ENTITLEMENTS = EGO/EGO.entitlements;
				CODE_SIGN_IDENTITY = "Apple Development";
				CODE_SIGN_STYLE = Automatic;
				CURRENT_PROJECT_VERSION = 1;
				DEVELOPMENT_TEAM = Z9S6MZGC9J;
				GENERATE_INFOPLIST_FILE = YES;
				INFOPLIST_FILE = EGO/Info.plist;
				INFOPLIST_KEY_NSFaceIDUsageDescription = "Face ID 사용";
				INFOPLIST_KEY_UIApplicationSupportsIndirectInputEvents = YES;
				INFOPLIST_KEY_UILaunchStoryboardName = LaunchScreen;
				INFOPLIST_KEY_UIMainStoryboardFile = Main;
				INFOPLIST_KEY_UISupportedInterfaceOrientations = UIInterfaceOrientationPortrait;
				INFOPLIST_KEY_UISupportedInterfaceOrientations_iPad = "UIInterfaceOrientationLandscapeLeft UIInterfaceOrientationLandscapeRight UIInterfaceOrientationPortrait UIInterfaceOrientationPortraitUpsideDown";
				INFOPLIST_KEY_UIUserInterfaceStyle = Light;
				IPHONEOS_DEPLOYMENT_TARGET = 13.0;
				LD_RUNPATH_SEARCH_PATHS = (
					"$(inherited)",
					"@executable_path/Frameworks",
				);
				MARKETING_VERSION = 1.0;
				PRODUCT_BUNDLE_IDENTIFIER = kr.ac.induk.EGO;
				PRODUCT_NAME = "$(TARGET_NAME)";
				PROVISIONING_PROFILE_SPECIFIER = "";
				SUPPORTED_PLATFORMS = "iphoneos iphonesimulator";
				SUPPORTS_MACCATALYST = NO;
				SUPPORTS_MAC_DESIGNED_FOR_IPHONE_IPAD = NO;
				SWIFT_EMIT_LOC_STRINGS = YES;
				SWIFT_VERSION = 5.0;
				TARGETED_DEVICE_FAMILY = 1;
			};
			name = Debug;
		};
		4E64E0C32980DE0500124F56 /* Release */ = {
			isa = XCBuildConfiguration;
			baseConfigurationReference = 1FC7E208F6BCD2B66A6D8098 /* Pods-EGO.release.xcconfig */;
			buildSettings = {
				ASSETCATALOG_COMPILER_APPICON_NAME = AppIcon;
				ASSETCATALOG_COMPILER_GLOBAL_ACCENT_COLOR_NAME = AccentColor;
				CODE_SIGN_ENTITLEMENTS = EGO/EGO.entitlements;
				CODE_SIGN_IDENTITY = "Apple Development";
				CODE_SIGN_STYLE = Automatic;
				CURRENT_PROJECT_VERSION = 1;
				DEVELOPMENT_TEAM = Z9S6MZGC9J;
				GENERATE_INFOPLIST_FILE = YES;
				INFOPLIST_FILE = EGO/Info.plist;
				INFOPLIST_KEY_NSFaceIDUsageDescription = "Face ID 사용";
				INFOPLIST_KEY_UIApplicationSupportsIndirectInputEvents = YES;
				INFOPLIST_KEY_UILaunchStoryboardName = LaunchScreen;
				INFOPLIST_KEY_UIMainStoryboardFile = Main;
				INFOPLIST_KEY_UISupportedInterfaceOrientations = UIInterfaceOrientationPortrait;
				INFOPLIST_KEY_UISupportedInterfaceOrientations_iPad = "UIInterfaceOrientationLandscapeLeft UIInterfaceOrientationLandscapeRight UIInterfaceOrientationPortrait UIInterfaceOrientationPortraitUpsideDown";
				INFOPLIST_KEY_UIUserInterfaceStyle = Light;
				IPHONEOS_DEPLOYMENT_TARGET = 13.0;
				LD_RUNPATH_SEARCH_PATHS = (
					"$(inherited)",
					"@executable_path/Frameworks",
				);
				MARKETING_VERSION = 1.0;
				PRODUCT_BUNDLE_IDENTIFIER = kr.ac.induk.EGO;
				PRODUCT_NAME = "$(TARGET_NAME)";
				PROVISIONING_PROFILE_SPECIFIER = "";
				SUPPORTED_PLATFORMS = "iphoneos iphonesimulator";
				SUPPORTS_MACCATALYST = NO;
				SUPPORTS_MAC_DESIGNED_FOR_IPHONE_IPAD = NO;
				SWIFT_EMIT_LOC_STRINGS = YES;
				SWIFT_VERSION = 5.0;
				TARGETED_DEVICE_FAMILY = 1;
			};
			name = Release;
		};
		4E64E0C52980DE0500124F56 /* Debug */ = {
			isa = XCBuildConfiguration;
			baseConfigurationReference = 4D96226400818A9BF6D597DD /* Pods-EGOTests.debug.xcconfig */;
			buildSettings = {
				ALWAYS_EMBED_SWIFT_STANDARD_LIBRARIES = YES;
				BUNDLE_LOADER = "$(TEST_HOST)";
				CODE_SIGN_STYLE = Automatic;
				CURRENT_PROJECT_VERSION = 1;
				GENERATE_INFOPLIST_FILE = YES;
				IPHONEOS_DEPLOYMENT_TARGET = 16.2;
				MARKETING_VERSION = 1.0;
				PRODUCT_BUNDLE_IDENTIFIER = kr.ac.induk.EGOTests;
				PRODUCT_NAME = "$(TARGET_NAME)";
				SWIFT_EMIT_LOC_STRINGS = NO;
				SWIFT_VERSION = 5.0;
				TARGETED_DEVICE_FAMILY = "1,2";
				TEST_HOST = "$(BUILT_PRODUCTS_DIR)/EGO.app/$(BUNDLE_EXECUTABLE_FOLDER_PATH)/EGO";
			};
			name = Debug;
		};
		4E64E0C62980DE0500124F56 /* Release */ = {
			isa = XCBuildConfiguration;
			baseConfigurationReference = 78D79C22AA0E255FF6E40E97 /* Pods-EGOTests.release.xcconfig */;
			buildSettings = {
				ALWAYS_EMBED_SWIFT_STANDARD_LIBRARIES = YES;
				BUNDLE_LOADER = "$(TEST_HOST)";
				CODE_SIGN_STYLE = Automatic;
				CURRENT_PROJECT_VERSION = 1;
				GENERATE_INFOPLIST_FILE = YES;
				IPHONEOS_DEPLOYMENT_TARGET = 16.2;
				MARKETING_VERSION = 1.0;
				PRODUCT_BUNDLE_IDENTIFIER = kr.ac.induk.EGOTests;
				PRODUCT_NAME = "$(TARGET_NAME)";
				SWIFT_EMIT_LOC_STRINGS = NO;
				SWIFT_VERSION = 5.0;
				TARGETED_DEVICE_FAMILY = "1,2";
				TEST_HOST = "$(BUILT_PRODUCTS_DIR)/EGO.app/$(BUNDLE_EXECUTABLE_FOLDER_PATH)/EGO";
			};
			name = Release;
		};
		4E64E0C82980DE0500124F56 /* Debug */ = {
			isa = XCBuildConfiguration;
			baseConfigurationReference = B8B384F5B600D041A9784A76 /* Pods-EGO-EGOUITests.debug.xcconfig */;
			buildSettings = {
				ALWAYS_EMBED_SWIFT_STANDARD_LIBRARIES = YES;
				CODE_SIGN_STYLE = Automatic;
				CURRENT_PROJECT_VERSION = 1;
				GENERATE_INFOPLIST_FILE = YES;
				MARKETING_VERSION = 1.0;
				PRODUCT_BUNDLE_IDENTIFIER = kr.ac.induk.EGOUITests;
				PRODUCT_NAME = "$(TARGET_NAME)";
				SWIFT_EMIT_LOC_STRINGS = NO;
				SWIFT_VERSION = 5.0;
				TARGETED_DEVICE_FAMILY = "1,2";
				TEST_TARGET_NAME = EGO;
			};
			name = Debug;
		};
		4E64E0C92980DE0500124F56 /* Release */ = {
			isa = XCBuildConfiguration;
			baseConfigurationReference = 90BBECC1EFB6E3818C35A579 /* Pods-EGO-EGOUITests.release.xcconfig */;
			buildSettings = {
				ALWAYS_EMBED_SWIFT_STANDARD_LIBRARIES = YES;
				CODE_SIGN_STYLE = Automatic;
				CURRENT_PROJECT_VERSION = 1;
				GENERATE_INFOPLIST_FILE = YES;
				MARKETING_VERSION = 1.0;
				PRODUCT_BUNDLE_IDENTIFIER = kr.ac.induk.EGOUITests;
				PRODUCT_NAME = "$(TARGET_NAME)";
				SWIFT_EMIT_LOC_STRINGS = NO;
				SWIFT_VERSION = 5.0;
				TARGETED_DEVICE_FAMILY = "1,2";
				TEST_TARGET_NAME = EGO;
			};
			name = Release;
		};
/* End XCBuildConfiguration section */

/* Begin XCConfigurationList section */
		4E64E0922980DE0400124F56 /* Build configuration list for PBXProject "EGO" */ = {
			isa = XCConfigurationList;
			buildConfigurations = (
				4E64E0BF2980DE0500124F56 /* Debug */,
				4E64E0C02980DE0500124F56 /* Release */,
			);
			defaultConfigurationIsVisible = 0;
			defaultConfigurationName = Release;
		};
		4E64E0C12980DE0500124F56 /* Build configuration list for PBXNativeTarget "EGO" */ = {
			isa = XCConfigurationList;
			buildConfigurations = (
				4E64E0C22980DE0500124F56 /* Debug */,
				4E64E0C32980DE0500124F56 /* Release */,
			);
			defaultConfigurationIsVisible = 0;
			defaultConfigurationName = Release;
		};
		4E64E0C42980DE0500124F56 /* Build configuration list for PBXNativeTarget "EGOTests" */ = {
			isa = XCConfigurationList;
			buildConfigurations = (
				4E64E0C52980DE0500124F56 /* Debug */,
				4E64E0C62980DE0500124F56 /* Release */,
			);
			defaultConfigurationIsVisible = 0;
			defaultConfigurationName = Release;
		};
		4E64E0C72980DE0500124F56 /* Build configuration list for PBXNativeTarget "EGOUITests" */ = {
			isa = XCConfigurationList;
			buildConfigurations = (
				4E64E0C82980DE0500124F56 /* Debug */,
				4E64E0C92980DE0500124F56 /* Release */,
			);
			defaultConfigurationIsVisible = 0;
			defaultConfigurationName = Release;
		};
/* End XCConfigurationList section */
	};
	rootObject = 4E64E08F2980DE0400124F56 /* Project object */;
}
